<Solution>
  <Folder Name="/Solution Items/">
    <File Path=".github/copilot-instructions.md" />
    <File Path="README.md" />
  </Folder>
  <Folder Name="/Solution Items/documents/">
    <File Path="documents/requirements.md" />
  </Folder>
  <Folder Name="/src/">
    <Project Path="src/TheSwamp.Orchestration/TheSwamp.Orchestration.csproj" />
    <Project Path="src/TheSwamp.WWW/TheSwamp.WWW.csproj" />
  </Folder>
</Solution>
